
Microsoft Visual Studio Solution File, Format Version 12.00
# Visual Studio Version 16
VisualStudioVersion = 16.0.29728.190
MinimumVisualStudioVersion = 10.0.40219.1
Project("{FAE04EC0-301F-11D3-BF4B-00C04F79EFBC}") = "BlazorApp", "BlazorApp\BlazorApp.csproj", "{64AF0EF1-7DCD-4C0F-8E24-0700F2A2E967}"
EndProject
Project("{FAE04EC0-301F-11D3-BF4B-00C04F79EFBC}") = "Shared", "Shared\Shared.csproj", "{CBB31491-8852-41C4-A637-077F39F3B27E}"
EndProject
Global
	GlobalSection(SolutionConfigurationPlatforms) = preSolution
		Debug|Any CPU = Debug|Any CPU
		Release|Any CPU = Release|Any CPU
	EndGlobalSection
	GlobalSection(ProjectConfigurationPlatforms) = postSolution
		{64AF0EF1-7DCD-4C0F-8E24-0700F2A2E967}.Debug|Any CPU.ActiveCfg = Debug|Any CPU
		{64AF0EF1-7DCD-4C0F-8E24-0700F2A2E967}.Debug|Any CPU.Build.0 = Debug|Any CPU
		{64AF0EF1-7DCD-4C0F-8E24-0700F2A2E967}.Release|Any CPU.ActiveCfg = Release|Any CPU
		{64AF0EF1-7DCD-4C0F-8E24-0700F2A2E967}.Release|Any CPU.Build.0 = Release|Any CPU
		{CBB31491-8852-41C4-A637-077F39F3B27E}.Debug|Any CPU.ActiveCfg = Debug|Any CPU
		{CBB31491-8852-41C4-A637-077F39F3B27E}.Debug|Any CPU.Build.0 = Debug|Any CPU
		{CBB31491-8852-41C4-A637-077F39F3B27E}.Release|Any CPU.ActiveCfg = Release|Any CPU
		{CBB31491-8852-41C4-A637-077F39F3B27E}.Release|Any CPU.Build.0 = Release|Any CPU
	EndGlobalSection
	GlobalSection(SolutionProperties) = preSolution
		HideSolutionNode = FALSE
	EndGlobalSection
	GlobalSection(ExtensibilityGlobals) = postSolution
		SolutionGuid = {6485A3B4-D1FB-47A0-A2D3-DA3179B0B982}
	EndGlobalSection
EndGlobal
